
Microsoft Visual Studio Solution File, Format Version 12.00
# Visual Studio Version 17
VisualStudioVersion = 17.12.35527.113
MinimumVisualStudioVersion = 10.0.40219.1
Project("{FAE04EC0-301F-11D3-BF4B-00C04F79EFBC}") = "Mathematics", "Mathematics\Mathematics.csproj", "{2A344261-4E93-4C9F-8059-AEFAED11FA87}"
EndProject
Project("{FAE04EC0-301F-11D3-BF4B-00C04F79EFBC}") = "Mathematics.Test", "Mathematics.Test\Mathematics.Test.csproj", "{B2882BF5-AF73-400B-B73D-F39155AC37AA}"
EndProject
Project("{FAE04EC0-301F-11D3-BF4B-00C04F79EFBC}") = "Mathematics.Console", "Mathematics.Console\Mathematics.Console.csproj", "{E7E944E1-D4FE-4740-A1AF-B31C6D0784CC}"
EndProject
Global
	GlobalSection(SolutionConfigurationPlatforms) = preSolution
		Debug|Any CPU = Debug|Any CPU
		Release|Any CPU = Release|Any CPU
	EndGlobalSection
	GlobalSection(ProjectConfigurationPlatforms) = postSolution
		{2A344261-4E93-4C9F-8059-AEFAED11FA87}.Debug|Any CPU.ActiveCfg = Debug|Any CPU
		{2A344261-4E93-4C9F-8059-AEFAED11FA87}.Debug|Any CPU.Build.0 = Debug|Any CPU
		{2A344261-4E93-4C9F-8059-AEFAED11FA87}.Release|Any CPU.ActiveCfg = Release|Any CPU
		{2A344261-4E93-4C9F-8059-AEFAED11FA87}.Release|Any CPU.Build.0 = Release|Any CPU
		{B2882BF5-AF73-400B-B73D-F39155AC37AA}.Debug|Any CPU.ActiveCfg = Debug|Any CPU
		{B2882BF5-AF73-400B-B73D-F39155AC37AA}.Debug|Any CPU.Build.0 = Debug|Any CPU
		{B2882BF5-AF73-400B-B73D-F39155AC37AA}.Release|Any CPU.ActiveCfg = Release|Any CPU
		{B2882BF5-AF73-400B-B73D-F39155AC37AA}.Release|Any CPU.Build.0 = Release|Any CPU
		{E7E944E1-D4FE-4740-A1AF-B31C6D0784CC}.Debug|Any CPU.ActiveCfg = Debug|Any CPU
		{E7E944E1-D4FE-4740-A1AF-B31C6D0784CC}.Debug|Any CPU.Build.0 = Debug|Any CPU
		{E7E944E1-D4FE-4740-A1AF-B31C6D0784CC}.Release|Any CPU.ActiveCfg = Release|Any CPU
		{E7E944E1-D4FE-4740-A1AF-B31C6D0784CC}.Release|Any CPU.Build.0 = Release|Any CPU
	EndGlobalSection
	GlobalSection(SolutionProperties) = preSolution
		HideSolutionNode = FALSE
	EndGlobalSection
EndGlobal
